
Microsoft Visual Studio Solution File, Format Version 12.00
# Visual Studio 15
Project("{FAE04EC0-301F-11D3-BF4B-00C04F79EFBC}") = "Localizations", "Localizations\Localizations.csproj", "{630262F0-FA3F-4DFB-BD64-EFDB89474F49}"
EndProject
Project("{FAE04EC0-301F-11D3-BF4B-00C04F79EFBC}") = "gMusic", "gMusic\gMusic.csproj", "{FB4AC764-5100-4368-B778-C0BB623C4F51}"
EndProject
Project("{FAE04EC0-301F-11D3-BF4B-00C04F79EFBC}") = "gMusic.Android", "gMusic.Android\gMusic.Android.csproj", "{84170006-850F-4C6E-991A-A192287F9423}"
EndProject
Project("{FAE04EC0-301F-11D3-BF4B-00C04F79EFBC}") = "gMusic.iOS", "gMusic.iOS\gMusic.iOS.csproj", "{75F86240-E0FD-4EF5-97E2-2E694D71A1C6}"
EndProject
Project("{FAE04EC0-301F-11D3-BF4B-00C04F79EFBC}") = "gMusic.UITests", "gMusic.UITests\gMusic.UITests.csproj", "{3648D068-1C43-4D3A-9649-106AE3728B58}"
EndProject
Global
	GlobalSection(SolutionConfigurationPlatforms) = preSolution
		Debug|Any CPU = Debug|Any CPU
		Release|Any CPU = Release|Any CPU
		Debug|iPhoneSimulator = Debug|iPhoneSimulator
		Release|iPhoneSimulator = Release|iPhoneSimulator
		Debug|iPhone = Debug|iPhone
		Release|iPhone = Release|iPhone
	EndGlobalSection
	GlobalSection(ProjectConfigurationPlatforms) = postSolution
		{630262F0-FA3F-4DFB-BD64-EFDB89474F49}.Debug|Any CPU.ActiveCfg = Debug|Any CPU
		{630262F0-FA3F-4DFB-BD64-EFDB89474F49}.Debug|Any CPU.Build.0 = Debug|Any CPU
		{630262F0-FA3F-4DFB-BD64-EFDB89474F49}.Release|Any CPU.ActiveCfg = Release|Any CPU
		{630262F0-FA3F-4DFB-BD64-EFDB89474F49}.Release|Any CPU.Build.0 = Release|Any CPU
		{630262F0-FA3F-4DFB-BD64-EFDB89474F49}.Debug|iPhoneSimulator.ActiveCfg = Debug|Any CPU
		{630262F0-FA3F-4DFB-BD64-EFDB89474F49}.Debug|iPhoneSimulator.Build.0 = Debug|Any CPU
		{630262F0-FA3F-4DFB-BD64-EFDB89474F49}.Release|iPhoneSimulator.ActiveCfg = Release|Any CPU
		{630262F0-FA3F-4DFB-BD64-EFDB89474F49}.Release|iPhoneSimulator.Build.0 = Release|Any CPU
		{630262F0-FA3F-4DFB-BD64-EFDB89474F49}.Debug|iPhone.ActiveCfg = Debug|Any CPU
		{630262F0-FA3F-4DFB-BD64-EFDB89474F49}.Debug|iPhone.Build.0 = Debug|Any CPU
		{630262F0-FA3F-4DFB-BD64-EFDB89474F49}.Release|iPhone.ActiveCfg = Release|Any CPU
		{630262F0-FA3F-4DFB-BD64-EFDB89474F49}.Release|iPhone.Build.0 = Release|Any CPU
		{FB4AC764-5100-4368-B778-C0BB623C4F51}.Debug|Any CPU.ActiveCfg = Debug|Any CPU
		{FB4AC764-5100-4368-B778-C0BB623C4F51}.Debug|Any CPU.Build.0 = Debug|Any CPU
		{FB4AC764-5100-4368-B778-C0BB623C4F51}.Release|Any CPU.ActiveCfg = Release|Any CPU
		{FB4AC764-5100-4368-B778-C0BB623C4F51}.Release|Any CPU.Build.0 = Release|Any CPU
		{FB4AC764-5100-4368-B778-C0BB623C4F51}.Debug|iPhoneSimulator.ActiveCfg = Debug|Any CPU
		{FB4AC764-5100-4368-B778-C0BB623C4F51}.Debug|iPhoneSimulator.Build.0 = Debug|Any CPU
		{FB4AC764-5100-4368-B778-C0BB623C4F51}.Release|iPhoneSimulator.ActiveCfg = Release|Any CPU
		{FB4AC764-5100-4368-B778-C0BB623C4F51}.Release|iPhoneSimulator.Build.0 = Release|Any CPU
		{FB4AC764-5100-4368-B778-C0BB623C4F51}.Debug|iPhone.ActiveCfg = Debug|Any CPU
		{FB4AC764-5100-4368-B778-C0BB623C4F51}.Debug|iPhone.Build.0 = Debug|Any CPU
		{FB4AC764-5100-4368-B778-C0BB623C4F51}.Release|iPhone.ActiveCfg = Release|Any CPU
		{FB4AC764-5100-4368-B778-C0BB623C4F51}.Release|iPhone.Build.0 = Release|Any CPU
		{84170006-850F-4C6E-991A-A192287F9423}.Debug|Any CPU.ActiveCfg = Debug|Any CPU
		{84170006-850F-4C6E-991A-A192287F9423}.Debug|Any CPU.Build.0 = Debug|Any CPU
		{84170006-850F-4C6E-991A-A192287F9423}.Release|Any CPU.ActiveCfg = Release|Any CPU
		{84170006-850F-4C6E-991A-A192287F9423}.Release|Any CPU.Build.0 = Release|Any CPU
		{84170006-850F-4C6E-991A-A192287F9423}.Debug|iPhoneSimulator.ActiveCfg = Debug|Any CPU
		{84170006-850F-4C6E-991A-A192287F9423}.Debug|iPhoneSimulator.Build.0 = Debug|Any CPU
		{84170006-850F-4C6E-991A-A192287F9423}.Release|iPhoneSimulator.ActiveCfg = Release|Any CPU
		{84170006-850F-4C6E-991A-A192287F9423}.Release|iPhoneSimulator.Build.0 = Release|Any CPU
		{84170006-850F-4C6E-991A-A192287F9423}.Debug|iPhone.ActiveCfg = Debug|Any CPU
		{84170006-850F-4C6E-991A-A192287F9423}.Debug|iPhone.Build.0 = Debug|Any CPU
		{84170006-850F-4C6E-991A-A192287F9423}.Release|iPhone.ActiveCfg = Release|Any CPU
		{84170006-850F-4C6E-991A-A192287F9423}.Release|iPhone.Build.0 = Release|Any CPU
		{75F86240-E0FD-4EF5-97E2-2E694D71A1C6}.Debug|Any CPU.ActiveCfg = Debug|iPhoneSimulator
		{75F86240-E0FD-4EF5-97E2-2E694D71A1C6}.Debug|Any CPU.Build.0 = Debug|iPhoneSimulator
		{75F86240-E0FD-4EF5-97E2-2E694D71A1C6}.Release|Any CPU.ActiveCfg = Release|iPhoneSimulator
		{75F86240-E0FD-4EF5-97E2-2E694D71A1C6}.Release|Any CPU.Build.0 = Release|iPhoneSimulator
		{75F86240-E0FD-4EF5-97E2-2E694D71A1C6}.Debug|iPhoneSimulator.ActiveCfg = Debug|iPhoneSimulator
		{75F86240-E0FD-4EF5-97E2-2E694D71A1C6}.Debug|iPhoneSimulator.Build.0 = Debug|iPhoneSimulator
		{75F86240-E0FD-4EF5-97E2-2E694D71A1C6}.Release|iPhoneSimulator.ActiveCfg = Release|iPhoneSimulator
		{75F86240-E0FD-4EF5-97E2-2E694D71A1C6}.Release|iPhoneSimulator.Build.0 = Release|iPhoneSimulator
		{75F86240-E0FD-4EF5-97E2-2E694D71A1C6}.Debug|iPhone.ActiveCfg = Debug|iPhone
		{75F86240-E0FD-4EF5-97E2-2E694D71A1C6}.Debug|iPhone.Build.0 = Debug|iPhone
		{75F86240-E0FD-4EF5-97E2-2E694D71A1C6}.Release|iPhone.ActiveCfg = Release|iPhone
		{75F86240-E0FD-4EF5-97E2-2E694D71A1C6}.Release|iPhone.Build.0 = Release|iPhone
		{3648D068-1C43-4D3A-9649-106AE3728B58}.Debug|Any CPU.ActiveCfg = Debug|Any CPU
		{3648D068-1C43-4D3A-9649-106AE3728B58}.Debug|Any CPU.Build.0 = Debug|Any CPU
		{3648D068-1C43-4D3A-9649-106AE3728B58}.Release|Any CPU.ActiveCfg = Release|Any CPU
		{3648D068-1C43-4D3A-9649-106AE3728B58}.Release|Any CPU.Build.0 = Release|Any CPU
		{3648D068-1C43-4D3A-9649-106AE3728B58}.Debug|iPhoneSimulator.ActiveCfg = Debug|Any CPU
		{3648D068-1C43-4D3A-9649-106AE3728B58}.Debug|iPhoneSimulator.Build.0 = Debug|Any CPU
		{3648D068-1C43-4D3A-9649-106AE3728B58}.Release|iPhoneSimulator.ActiveCfg = Release|Any CPU
		{3648D068-1C43-4D3A-9649-106AE3728B58}.Release|iPhoneSimulator.Build.0 = Release|Any CPU
		{3648D068-1C43-4D3A-9649-106AE3728B58}.Debug|iPhone.ActiveCfg = Debug|Any CPU
		{3648D068-1C43-4D3A-9649-106AE3728B58}.Debug|iPhone.Build.0 = Debug|Any CPU
		{3648D068-1C43-4D3A-9649-106AE3728B58}.Release|iPhone.ActiveCfg = Release|Any CPU
		{3648D068-1C43-4D3A-9649-106AE3728B58}.Release|iPhone.Build.0 = Release|Any CPU
	EndGlobalSection
EndGlobal
